// !$*UTF8*$!
{
	archiveVersion = 1;
	classes = {
	};
	objectVersion = 56;
	objects = {

/* Begin PBXBuildFile section */
		7FD6BC1E29D77BD3007C78A9 /* BooksMVVMSwiftUIApp.swift in Sources */ = {isa = PBXBuildFile; fileRef = 7FD6BC1D29D77BD3007C78A9 /* BooksMVVMSwiftUIApp.swift */; };
		7FD6BC2029D77BD3007C78A9 /* ContentView.swift in Sources */ = {isa = PBXBuildFile; fileRef = 7FD6BC1F29D77BD3007C78A9 /* ContentView.swift */; };
		7FD6BC2229D77BD3007C78A9 /* Assets.xcassets in Resources */ = {isa = PBXBuildFile; fileRef = 7FD6BC2129D77BD3007C78A9 /* Assets.xcassets */; };
		7FD6BC2529D77BD3007C78A9 /* Preview Assets.xcassets in Resources */ = {isa = PBXBuildFile; fileRef = 7FD6BC2429D77BD3007C78A9 /* Preview Assets.xcassets */; };
		7FD6BC4929D8ED1A007C78A9 /* BookListViewModelTests.swift in Sources */ = {isa = PBXBuildFile; fileRef = 7FD6BC4829D8ED1A007C78A9 /* BookListViewModelTests.swift */; };
		95E0791229DBF18C00A5F577 /* Book.swift in Sources */ = {isa = PBXBuildFile; fileRef = 95E0791129DBF18C00A5F577 /* Book.swift */; };
		95E0791529DBF1CE00A5F577 /* Date+Extension.swift in Sources */ = {isa = PBXBuildFile; fileRef = 95E0791429DBF1CE00A5F577 /* Date+Extension.swift */; };
		95E0791729DBF1FC00A5F577 /* BookCell.swift in Sources */ = {isa = PBXBuildFile; fileRef = 95E0791629DBF1FC00A5F577 /* BookCell.swift */; };
		95E0791929DBF23400A5F577 /* BooksRepository.swift in Sources */ = {isa = PBXBuildFile; fileRef = 95E0791829DBF23400A5F577 /* BooksRepository.swift */; };
		95E0791B29DBF2A100A5F577 /* BookListViewModel.swift in Sources */ = {isa = PBXBuildFile; fileRef = 95E0791A29DBF2A100A5F577 /* BookListViewModel.swift */; };
/* End PBXBuildFile section */

/* Begin PBXContainerItemProxy section */
		7FD6BC4329D8ED11007C78A9 /* PBXContainerItemProxy */ = {
			isa = PBXContainerItemProxy;
			containerPortal = 7FD6BC1229D77BD2007C78A9 /* Project object */;
			proxyType = 1;
			remoteGlobalIDString = 7FD6BC1929D77BD3007C78A9;
			remoteInfo = BooksMVVMSwiftUI;
		};
/* End PBXContainerItemProxy section */

/* Begin PBXFileReference section */
		7FD6BC1A29D77BD3007C78A9 /* BooksMVVMSwiftUI.app */ = {isa = PBXFileReference; explicitFileType = wrapper.application; includeInIndex = 0; path = BooksMVVMSwiftUI.app; sourceTree = BUILT_PRODUCTS_DIR; };
		7FD6BC1D29D77BD3007C78A9 /* BooksMVVMSwiftUIApp.swift */ = {isa = PBXFileReference; lastKnownFileType = sourcecode.swift; path = BooksMVVMSwiftUIApp.swift; sourceTree = "<group>"; };
		7FD6BC1F29D77BD3007C78A9 /* ContentView.swift */ = {isa = PBXFileReference; lastKnownFileType = sourcecode.swift; path = ContentView.swift; sourceTree = "<group>"; };
		7FD6BC2129D77BD3007C78A9 /* Assets.xcassets */ = {isa = PBXFileReference; lastKnownFileType = folder.assetcatalog; path = Assets.xcassets; sourceTree = "<group>"; };
		7FD6BC2429D77BD3007C78A9 /* Preview Assets.xcassets */ = {isa = PBXFileReference; lastKnownFileType = folder.assetcatalog; path = "Preview Assets.xcassets"; sourceTree = "<group>"; };
		7FD6BC3F29D8ED11007C78A9 /* BooksMVVMSwiftUITests.xctest */ = {isa = PBXFileReference; explicitFileType = wrapper.cfbundle; includeInIndex = 0; path = BooksMVVMSwiftUITests.xctest; sourceTree = BUILT_PRODUCTS_DIR; };
		7FD6BC4829D8ED1A007C78A9 /* BookListViewModelTests.swift */ = {isa = PBXFileReference; lastKnownFileType = sourcecode.swift; path = BookListViewModelTests.swift; sourceTree = "<group>"; };
		95E0791129DBF18C00A5F577 /* Book.swift */ = {isa = PBXFileReference; lastKnownFileType = sourcecode.swift; path = Book.swift; sourceTree = "<group>"; };
		95E0791429DBF1CE00A5F577 /* Date+Extension.swift */ = {isa = PBXFileReference; lastKnownFileType = sourcecode.swift; path = "Date+Extension.swift"; sourceTree = "<group>"; };
		95E0791629DBF1FC00A5F577 /* BookCell.swift */ = {isa = PBXFileReference; lastKnownFileType = sourcecode.swift; path = BookCell.swift; sourceTree = "<group>"; };
		95E0791829DBF23400A5F577 /* BooksRepository.swift */ = {isa = PBXFileReference; lastKnownFileType = sourcecode.swift; path = BooksRepository.swift; sourceTree = "<group>"; };
		95E0791A29DBF2A100A5F577 /* BookListViewModel.swift */ = {isa = PBXFileReference; lastKnownFileType = sourcecode.swift; path = BookListViewModel.swift; sourceTree = "<group>"; };
/* End PBXFileReference section */

/* Begin PBXFrameworksBuildPhase section */
		7FD6BC1729D77BD3007C78A9 /* Frameworks */ = {
			isa = PBXFrameworksBuildPhase;
			buildActionMask = 2147483647;
			files = (
			);
			runOnlyForDeploymentPostprocessing = 0;
		};
		7FD6BC3C29D8ED11007C78A9 /* Frameworks */ = {
			isa = PBXFrameworksBuildPhase;
			buildActionMask = 2147483647;
			files = (
			);
			runOnlyForDeploymentPostprocessing = 0;
		};
/* End PBXFrameworksBuildPhase section */

/* Begin PBXGroup section */
		7FD6BC1129D77BD2007C78A9 = {
			isa = PBXGroup;
			children = (
				7FD6BC1C29D77BD3007C78A9 /* BooksMVVMSwiftUI */,
				7FD6BC4029D8ED11007C78A9 /* BooksMVVMSwiftUITests */,
				7FD6BC1B29D77BD3007C78A9 /* Products */,
			);
			sourceTree = "<group>";
		};
		7FD6BC1B29D77BD3007C78A9 /* Products */ = {
			isa = PBXGroup;
			children = (
				7FD6BC1A29D77BD3007C78A9 /* BooksMVVMSwiftUI.app */,
				7FD6BC3F29D8ED11007C78A9 /* BooksMVVMSwiftUITests.xctest */,
			);
			name = Products;
			sourceTree = "<group>";
		};
		7FD6BC1C29D77BD3007C78A9 /* BooksMVVMSwiftUI */ = {
			isa = PBXGroup;
			children = (
				95E0791329DBF1BB00A5F577 /* Extension */,
				7FD6BC1D29D77BD3007C78A9 /* BooksMVVMSwiftUIApp.swift */,
				7FD6BC1F29D77BD3007C78A9 /* ContentView.swift */,
				7FD6BC2129D77BD3007C78A9 /* Assets.xcassets */,
				7FD6BC2329D77BD3007C78A9 /* Preview Content */,
				95E0791129DBF18C00A5F577 /* Book.swift */,
				95E0791629DBF1FC00A5F577 /* BookCell.swift */,
				95E0791829DBF23400A5F577 /* BooksRepository.swift */,
				95E0791A29DBF2A100A5F577 /* BookListViewModel.swift */,
			);
			path = BooksMVVMSwiftUI;
			sourceTree = "<group>";
		};
		7FD6BC2329D77BD3007C78A9 /* Preview Content */ = {
			isa = PBXGroup;
			children = (
				7FD6BC2429D77BD3007C78A9 /* Preview Assets.xcassets */,
			);
			path = "Preview Content";
			sourceTree = "<group>";
		};
		7FD6BC4029D8ED11007C78A9 /* BooksMVVMSwiftUITests */ = {
			isa = PBXGroup;
			children = (
				7FD6BC4829D8ED1A007C78A9 /* BookListViewModelTests.swift */,
			);
			path = BooksMVVMSwiftUITests;
			sourceTree = "<group>";
		};
		95E0791329DBF1BB00A5F577 /* Extension */ = {
			isa = PBXGroup;
			children = (
				95E0791429DBF1CE00A5F577 /* Date+Extension.swift */,
			);
			path = Extension;
			sourceTree = "<group>";
		};
/* End PBXGroup section */

/* Begin PBXNativeTarget section */
		7FD6BC1929D77BD3007C78A9 /* BooksMVVMSwiftUI */ = {
			isa = PBXNativeTarget;
			buildConfigurationList = 7FD6BC2829D77BD3007C78A9 /* Build configuration list for PBXNativeTarget "BooksMVVMSwiftUI" */;
			buildPhases = (
				7FD6BC1629D77BD3007C78A9 /* Sources */,
				7FD6BC1729D77BD3007C78A9 /* Frameworks */,
				7FD6BC1829D77BD3007C78A9 /* Resources */,
			);
			buildRules = (
			);
			dependencies = (
			);
			name = BooksMVVMSwiftUI;
			productName = BooksMVVMSwiftUI;
			productReference = 7FD6BC1A29D77BD3007C78A9 /* BooksMVVMSwiftUI.app */;
			productType = "com.apple.product-type.application";
		};
		7FD6BC3E29D8ED11007C78A9 /* BooksMVVMSwiftUITests */ = {
			isa = PBXNativeTarget;
			buildConfigurationList = 7FD6BC4729D8ED11007C78A9 /* Build configuration list for PBXNativeTarget "BooksMVVMSwiftUITests" */;
			buildPhases = (
				7FD6BC3B29D8ED11007C78A9 /* Sources */,
				7FD6BC3C29D8ED11007C78A9 /* Frameworks */,
				7FD6BC3D29D8ED11007C78A9 /* Resources */,
			);
			buildRules = (
			);
			dependencies = (
				7FD6BC4429D8ED11007C78A9 /* PBXTargetDependency */,
			);
			name = BooksMVVMSwiftUITests;
			productName = BooksMVVMSwiftUITests;
			productReference = 7FD6BC3F29D8ED11007C78A9 /* BooksMVVMSwiftUITests.xctest */;
			productType = "com.apple.product-type.bundle.unit-test";
		};
/* End PBXNativeTarget section */

/* Begin PBXProject section */
		7FD6BC1229D77BD2007C78A9 /* Project object */ = {
			isa = PBXProject;
			attributes = {
				BuildIndependentTargetsInParallel = 1;
				LastSwiftUpdateCheck = 1420;
				LastUpgradeCheck = 1420;
				TargetAttributes = {
					7FD6BC1929D77BD3007C78A9 = {
						CreatedOnToolsVersion = 14.2;
					};
					7FD6BC3E29D8ED11007C78A9 = {
						CreatedOnToolsVersion = 14.2;
						TestTargetID = 7FD6BC1929D77BD3007C78A9;
					};
				};
			};
			buildConfigurationList = 7FD6BC1529D77BD2007C78A9 /* Build configuration list for PBXProject "BooksMVVMSwiftUI" */;
			compatibilityVersion = "Xcode 14.0";
			developmentRegion = en;
			hasScannedForEncodings = 0;
			knownRegions = (
				en,
				Base,
			);
			mainGroup = 7FD6BC1129D77BD2007C78A9;
			productRefGroup = 7FD6BC1B29D77BD3007C78A9 /* Products */;
			projectDirPath = "";
			projectRoot = "";
			targets = (
				7FD6BC1929D77BD3007C78A9 /* BooksMVVMSwiftUI */,
				7FD6BC3E29D8ED11007C78A9 /* BooksMVVMSwiftUITests */,
			);
		};
/* End PBXProject section */

/* Begin PBXResourcesBuildPhase section */
		7FD6BC1829D77BD3007C78A9 /* Resources */ = {
			isa = PBXResourcesBuildPhase;
			buildActionMask = 2147483647;
			files = (
				7FD6BC2529D77BD3007C78A9 /* Preview Assets.xcassets in Resources */,
				7FD6BC2229D77BD3007C78A9 /* Assets.xcassets in Resources */,
			);
			runOnlyForDeploymentPostprocessing = 0;
		};
		7FD6BC3D29D8ED11007C78A9 /* Resources */ = {
			isa = PBXResourcesBuildPhase;
			buildActionMask = 2147483647;
			files = (
			);
			runOnlyForDeploymentPostprocessing = 0;
		};
/* End PBXResourcesBuildPhase section */

/* Begin PBXSourcesBuildPhase section */
		7FD6BC1629D77BD3007C78A9 /* Sources */ = {
			isa = PBXSourcesBuildPhase;
			buildActionMask = 2147483647;
			files = (
				7FD6BC2029D77BD3007C78A9 /* ContentView.swift in Sources */,
				95E0791529DBF1CE00A5F577 /* Date+Extension.swift in Sources */,
				7FD6BC1E29D77BD3007C78A9 /* BooksMVVMSwiftUIApp.swift in Sources */,
				95E0791229DBF18C00A5F577 /* Book.swift in Sources */,
				95E0791929DBF23400A5F577 /* BooksRepository.swift in Sources */,
				95E0791B29DBF2A100A5F577 /* BookListViewModel.swift in Sources */,
				95E0791729DBF1FC00A5F577 /* BookCell.swift in Sources */,
			);
			runOnlyForDeploymentPostprocessing = 0;
		};
		7FD6BC3B29D8ED11007C78A9 /* Sources */ = {
			isa = PBXSourcesBuildPhase;
			buildActionMask = 2147483647;
			files = (
				7FD6BC4929D8ED1A007C78A9 /* BookListViewModelTests.swift in Sources */,
			);
			runOnlyForDeploymentPostprocessing = 0;
		};
/* End PBXSourcesBuildPhase section */

/* Begin PBXTargetDependency section */
		7FD6BC4429D8ED11007C78A9 /* PBXTargetDependency */ = {
			isa = PBXTargetDependency;
			target = 7FD6BC1929D77BD3007C78A9 /* BooksMVVMSwiftUI */;
			targetProxy = 7FD6BC4329D8ED11007C78A9 /* PBXContainerItemProxy */;
		};
/* End PBXTargetDependency section */

/* Begin XCBuildConfiguration section */
		7FD6BC2629D77BD3007C78A9 /* Debug */ = {
			isa = XCBuildConfiguration;
			buildSettings = {
				ALWAYS_SEARCH_USER_PATHS = NO;
				CLANG_ANALYZER_NONNULL = YES;
				CLANG_ANALYZER_NUMBER_OBJECT_CONVERSION = YES_AGGRESSIVE;
				CLANG_CXX_LANGUAGE_STANDARD = "gnu++20";
				CLANG_ENABLE_MODULES = YES;
				CLANG_ENABLE_OBJC_ARC = YES;
				CLANG_ENABLE_OBJC_WEAK = YES;
				CLANG_WARN_BLOCK_CAPTURE_AUTORELEASING = YES;
				CLANG_WARN_BOOL_CONVERSION = YES;
				CLANG_WARN_COMMA = YES;
				CLANG_WARN_CONSTANT_CONVERSION = YES;
				CLANG_WARN_DEPRECATED_OBJC_IMPLEMENTATIONS = YES;
				CLANG_WARN_DIRECT_OBJC_ISA_USAGE = YES_ERROR;
				CLANG_WARN_DOCUMENTATION_COMMENTS = YES;
				CLANG_WARN_EMPTY_BODY = YES;
				CLANG_WARN_ENUM_CONVERSION = YES;
				CLANG_WARN_INFINITE_RECURSION = YES;
				CLANG_WARN_INT_CONVERSION = YES;
				CLANG_WARN_NON_LITERAL_NULL_CONVERSION = YES;
				CLANG_WARN_OBJC_IMPLICIT_RETAIN_SELF = YES;
				CLANG_WARN_OBJC_LITERAL_CONVERSION = YES;
				CLANG_WARN_OBJC_ROOT_CLASS = YES_ERROR;
				CLANG_WARN_QUOTED_INCLUDE_IN_FRAMEWORK_HEADER = YES;
				CLANG_WARN_RANGE_LOOP_ANALYSIS = YES;
				CLANG_WARN_STRICT_PROTOTYPES = YES;
				CLANG_WARN_SUSPICIOUS_MOVE = YES;
				CLANG_WARN_UNGUARDED_AVAILABILITY = YES_AGGRESSIVE;
				CLANG_WARN_UNREACHABLE_CODE = YES;
				CLANG_WARN__DUPLICATE_METHOD_MATCH = YES;
				COPY_PHASE_STRIP = NO;
				DEBUG_INFORMATION_FORMAT = dwarf;
				ENABLE_STRICT_OBJC_MSGSEND = YES;
				ENABLE_TESTABILITY = YES;
				GCC_C_LANGUAGE_STANDARD = gnu11;
				GCC_DYNAMIC_NO_PIC = NO;
				GCC_NO_COMMON_BLOCKS = YES;
				GCC_OPTIMIZATION_LEVEL = 0;
				GCC_PREPROCESSOR_DEFINITIONS = (
					"DEBUG=1",
					"$(inherited)",
				);
				GCC_WARN_64_TO_32_BIT_CONVERSION = YES;
				GCC_WARN_ABOUT_RETURN_TYPE = YES_ERROR;
				GCC_WARN_UNDECLARED_SELECTOR = YES;
				GCC_WARN_UNINITIALIZED_AUTOS = YES_AGGRESSIVE;
				GCC_WARN_UNUSED_FUNCTION = YES;
				GCC_WARN_UNUSED_VARIABLE = YES;
				IPHONEOS_DEPLOYMENT_TARGET = 16.2;
				MTL_ENABLE_DEBUG_INFO = INCLUDE_SOURCE;
				MTL_FAST_MATH = YES;
				ONLY_ACTIVE_ARCH = YES;
				SDKROOT = iphoneos;
				SWIFT_ACTIVE_COMPILATION_CONDITIONS = DEBUG;
				SWIFT_OPTIMIZATION_LEVEL = "-Onone";
			};
			name = Debug;
		};
		7FD6BC2729D77BD3007C78A9 /* Release */ = {
			isa = XCBuildConfiguration;
			buildSettings = {
				ALWAYS_SEARCH_USER_PATHS = NO;
				CLANG_ANALYZER_NONNULL = YES;
				CLANG_ANALYZER_NUMBER_OBJECT_CONVERSION = YES_AGGRESSIVE;
				CLANG_CXX_LANGUAGE_STANDARD = "gnu++20";
				CLANG_ENABLE_MODULES = YES;
				CLANG_ENABLE_OBJC_ARC = YES;
				CLANG_ENABLE_OBJC_WEAK = YES;
				CLANG_WARN_BLOCK_CAPTURE_AUTORELEASING = YES;
				CLANG_WARN_BOOL_CONVERSION = YES;
				CLANG_WARN_COMMA = YES;
				CLANG_WARN_CONSTANT_CONVERSION = YES;
				CLANG_WARN_DEPRECATED_OBJC_IMPLEMENTATIONS = YES;
				CLANG_WARN_DIRECT_OBJC_ISA_USAGE = YES_ERROR;
				CLANG_WARN_DOCUMENTATION_COMMENTS = YES;
				CLANG_WARN_EMPTY_BODY = YES;
				CLANG_WARN_ENUM_CONVERSION = YES;
				CLANG_WARN_INFINITE_RECURSION = YES;
				CLANG_WARN_INT_CONVERSION = YES;
				CLANG_WARN_NON_LITERAL_NULL_CONVERSION = YES;
				CLANG_WARN_OBJC_IMPLICIT_RETAIN_SELF = YES;
				CLANG_WARN_OBJC_LITERAL_CONVERSION = YES;
				CLANG_WARN_OBJC_ROOT_CLASS = YES_ERROR;
				CLANG_WARN_QUOTED_INCLUDE_IN_FRAMEWORK_HEADER = YES;
				CLANG_WARN_RANGE_LOOP_ANALYSIS = YES;
				CLANG_WARN_STRICT_PROTOTYPES = YES;
				CLANG_WARN_SUSPICIOUS_MOVE = YES;
				CLANG_WARN_UNGUARDED_AVAILABILITY = YES_AGGRESSIVE;
				CLANG_WARN_UNREACHABLE_CODE = YES;
				CLANG_WARN__DUPLICATE_METHOD_MATCH = YES;
				COPY_PHASE_STRIP = NO;
				DEBUG_INFORMATION_FORMAT = "dwarf-with-dsym";
				ENABLE_NS_ASSERTIONS = NO;
				ENABLE_STRICT_OBJC_MSGSEND = YES;
				GCC_C_LANGUAGE_STANDARD = gnu11;
				GCC_NO_COMMON_BLOCKS = YES;
				GCC_WARN_64_TO_32_BIT_CONVERSION = YES;
				GCC_WARN_ABOUT_RETURN_TYPE = YES_ERROR;
				GCC_WARN_UNDECLARED_SELECTOR = YES;
				GCC_WARN_UNINITIALIZED_AUTOS = YES_AGGRESSIVE;
				GCC_WARN_UNUSED_FUNCTION = YES;
				GCC_WARN_UNUSED_VARIABLE = YES;
				IPHONEOS_DEPLOYMENT_TARGET = 16.2;
				MTL_ENABLE_DEBUG_INFO = NO;
				MTL_FAST_MATH = YES;
				SDKROOT = iphoneos;
				SWIFT_COMPILATION_MODE = wholemodule;
				SWIFT_OPTIMIZATION_LEVEL = "-O";
				VALIDATE_PRODUCT = YES;
			};
			name = Release;
		};
		7FD6BC2929D77BD3007C78A9 /* Debug */ = {
			isa = XCBuildConfiguration;
			buildSettings = {
				ASSETCATALOG_COMPILER_APPICON_NAME = AppIcon;
				ASSETCATALOG_COMPILER_GLOBAL_ACCENT_COLOR_NAME = AccentColor;
				CODE_SIGN_STYLE = Automatic;
				CURRENT_PROJECT_VERSION = 1;
				DEVELOPMENT_ASSET_PATHS = "\"BooksMVVMSwiftUI/Preview Content\"";
				DEVELOPMENT_TEAM = WV3DL6QLG2;
				ENABLE_PREVIEWS = YES;
				GENERATE_INFOPLIST_FILE = YES;
				INFOPLIST_KEY_UIApplicationSceneManifest_Generation = YES;
				INFOPLIST_KEY_UIApplicationSupportsIndirectInputEvents = YES;
				INFOPLIST_KEY_UILaunchScreen_Generation = YES;
				INFOPLIST_KEY_UISupportedInterfaceOrientations_iPad = "UIInterfaceOrientationPortrait UIInterfaceOrientationPortraitUpsideDown UIInterfaceOrientationLandscapeLeft UIInterfaceOrientationLandscapeRight";
				INFOPLIST_KEY_UISupportedInterfaceOrientations_iPhone = "UIInterfaceOrientationPortrait UIInterfaceOrientationLandscapeLeft UIInterfaceOrientationLandscapeRight";
				LD_RUNPATH_SEARCH_PATHS = (
					"$(inherited)",
					"@executable_path/Frameworks",
				);
				MARKETING_VERSION = 1.0;
				PRODUCT_BUNDLE_IDENTIFIER = com.booksMVVMSwiftUI;
				PRODUCT_NAME = "$(TARGET_NAME)";
				SWIFT_EMIT_LOC_STRINGS = YES;
				SWIFT_VERSION = 5.0;
				TARGETED_DEVICE_FAMILY = "1,2";
			};
			name = Debug;
		};
		7FD6BC2A29D77BD3007C78A9 /* Release */ = {
			isa = XCBuildConfiguration;
			buildSettings = {
				ASSETCATALOG_COMPILER_APPICON_NAME = AppIcon;
				ASSETCATALOG_COMPILER_GLOBAL_ACCENT_COLOR_NAME = AccentColor;
				CODE_SIGN_STYLE = Automatic;
				CURRENT_PROJECT_VERSION = 1;
				DEVELOPMENT_ASSET_PATHS = "\"BooksMVVMSwiftUI/Preview Content\"";
				DEVELOPMENT_TEAM = WV3DL6QLG2;
				ENABLE_PREVIEWS = YES;
				GENERATE_INFOPLIST_FILE = YES;
				INFOPLIST_KEY_UIApplicationSceneManifest_Generation = YES;
				INFOPLIST_KEY_UIApplicationSupportsIndirectInputEvents = YES;
				INFOPLIST_KEY_UILaunchScreen_Generation = YES;
				INFOPLIST_KEY_UISupportedInterfaceOrientations_iPad = "UIInterfaceOrientationPortrait UIInterfaceOrientationPortraitUpsideDown UIInterfaceOrientationLandscapeLeft UIInterfaceOrientationLandscapeRight";
				INFOPLIST_KEY_UISupportedInterfaceOrientations_iPhone = "UIInterfaceOrientationPortrait UIInterfaceOrientationLandscapeLeft UIInterfaceOrientationLandscapeRight";
				LD_RUNPATH_SEARCH_PATHS = (
					"$(inherited)",
					"@executable_path/Frameworks",
				);
				MARKETING_VERSION = 1.0;
				PRODUCT_BUNDLE_IDENTIFIER = com.booksMVVMSwiftUI;
				PRODUCT_NAME = "$(TARGET_NAME)";
				SWIFT_EMIT_LOC_STRINGS = YES;
				SWIFT_VERSION = 5.0;
				TARGETED_DEVICE_FAMILY = "1,2";
			};
			name = Release;
		};
		7FD6BC4529D8ED11007C78A9 /* Debug */ = {
			isa = XCBuildConfiguration;
			buildSettings = {
				BUNDLE_LOADER = "$(TEST_HOST)";
				CODE_SIGN_STYLE = Automatic;
				CURRENT_PROJECT_VERSION = 1;
				DEVELOPMENT_TEAM = WV3DL6QLG2;
				GENERATE_INFOPLIST_FILE = YES;
				MARKETING_VERSION = 1.0;
				PRODUCT_BUNDLE_IDENTIFIER = com.booksMVVMSwiftUITests;
				PRODUCT_NAME = "$(TARGET_NAME)";
				SUPPORTED_PLATFORMS = "iphoneos iphonesimulator";
				SUPPORTS_MACCATALYST = NO;
				SUPPORTS_MAC_DESIGNED_FOR_IPHONE_IPAD = NO;
				SWIFT_EMIT_LOC_STRINGS = NO;
				SWIFT_VERSION = 5.0;
				TARGETED_DEVICE_FAMILY = "1,2";
				TEST_HOST = "$(BUILT_PRODUCTS_DIR)/BooksMVVMSwiftUI.app/$(BUNDLE_EXECUTABLE_FOLDER_PATH)/BooksMVVMSwiftUI";
			};
			name = Debug;
		};
		7FD6BC4629D8ED11007C78A9 /* Release */ = {
			isa = XCBuildConfiguration;
			buildSettings = {
				BUNDLE_LOADER = "$(TEST_HOST)";
				CODE_SIGN_STYLE = Automatic;
				CURRENT_PROJECT_VERSION = 1;
				DEVELOPMENT_TEAM = WV3DL6QLG2;
				GENERATE_INFOPLIST_FILE = YES;
				MARKETING_VERSION = 1.0;
				PRODUCT_BUNDLE_IDENTIFIER = com.booksMVVMSwiftUITests;
				PRODUCT_NAME = "$(TARGET_NAME)";
				SUPPORTED_PLATFORMS = "iphoneos iphonesimulator";
				SUPPORTS_MACCATALYST = NO;
				SUPPORTS_MAC_DESIGNED_FOR_IPHONE_IPAD = NO;
				SWIFT_EMIT_LOC_STRINGS = NO;
				SWIFT_VERSION = 5.0;
				TARGETED_DEVICE_FAMILY = "1,2";
				TEST_HOST = "$(BUILT_PRODUCTS_DIR)/BooksMVVMSwiftUI.app/$(BUNDLE_EXECUTABLE_FOLDER_PATH)/BooksMVVMSwiftUI";
			};
			name = Release;
		};
/* End XCBuildConfiguration section */

/* Begin XCConfigurationList section */
		7FD6BC1529D77BD2007C78A9 /* Build configuration list for PBXProject "BooksMVVMSwiftUI" */ = {
			isa = XCConfigurationList;
			buildConfigurations = (
				7FD6BC2629D77BD3007C78A9 /* Debug */,
				7FD6BC2729D77BD3007C78A9 /* Release */,
			);
			defaultConfigurationIsVisible = 0;
			defaultConfigurationName = Release;
		};
		7FD6BC2829D77BD3007C78A9 /* Build configuration list for PBXNativeTarget "BooksMVVMSwiftUI" */ = {
			isa = XCConfigurationList;
			buildConfigurations = (
				7FD6BC2929D77BD3007C78A9 /* Debug */,
				7FD6BC2A29D77BD3007C78A9 /* Release */,
			);
			defaultConfigurationIsVisible = 0;
			defaultConfigurationName = Release;
		};
		7FD6BC4729D8ED11007C78A9 /* Build configuration list for PBXNativeTarget "BooksMVVMSwiftUITests" */ = {
			isa = XCConfigurationList;
			buildConfigurations = (
				7FD6BC4529D8ED11007C78A9 /* Debug */,
				7FD6BC4629D8ED11007C78A9 /* Release */,
			);
			defaultConfigurationIsVisible = 0;
			defaultConfigurationName = Release;
		};
/* End XCConfigurationList section */
	};
	rootObject = 7FD6BC1229D77BD2007C78A9 /* Project object */;
}
